
Microsoft Visual Studio Solution File, Format Version 12.00
# Visual Studio 15
VisualStudioVersion = 15.0.28307.271
MinimumVisualStudioVersion = 10.0.40219.1
Project("{FAE04EC0-301F-11D3-BF4B-00C04F79EFBC}") = "BackOffice", "BackOffice\BackOffice.csproj", "{E35FF53A-E480-4461-A36A-CA1F6424A2B5}"
EndProject
Project("{FAE04EC0-301F-11D3-BF4B-00C04F79EFBC}") = "TestFramework", "TestFramework\TestFramework.csproj", "{49675299-0A8F-4AD8-8BCA-E832BCDD64F4}"
EndProject
Project("{FAE04EC0-301F-11D3-BF4B-00C04F79EFBC}") = "ClassLibrary", "ClassLibrary\ClassLibrary.csproj", "{EFAAB7C8-CCAA-4E5C-8014-254C74572916}"
EndProject
Project("{FAE04EC0-301F-11D3-BF4B-00C04F79EFBC}") = "GameGeekFrontEnd", "GameGeekFrontEnd\GameGeekFrontEnd.csproj", "{5B4C32EA-4A0E-49FB-A2AA-5FF4577E35E3}"
EndProject
Global
	GlobalSection(SolutionConfigurationPlatforms) = preSolution
		Debug|Any CPU = Debug|Any CPU
		Release|Any CPU = Release|Any CPU
	EndGlobalSection
	GlobalSection(ProjectConfigurationPlatforms) = postSolution
		{E35FF53A-E480-4461-A36A-CA1F6424A2B5}.Debug|Any CPU.ActiveCfg = Debug|Any CPU
		{E35FF53A-E480-4461-A36A-CA1F6424A2B5}.Debug|Any CPU.Build.0 = Debug|Any CPU
		{E35FF53A-E480-4461-A36A-CA1F6424A2B5}.Release|Any CPU.ActiveCfg = Release|Any CPU
		{E35FF53A-E480-4461-A36A-CA1F6424A2B5}.Release|Any CPU.Build.0 = Release|Any CPU
		{49675299-0A8F-4AD8-8BCA-E832BCDD64F4}.Debug|Any CPU.ActiveCfg = Debug|Any CPU
		{49675299-0A8F-4AD8-8BCA-E832BCDD64F4}.Debug|Any CPU.Build.0 = Debug|Any CPU
		{49675299-0A8F-4AD8-8BCA-E832BCDD64F4}.Release|Any CPU.ActiveCfg = Release|Any CPU
		{49675299-0A8F-4AD8-8BCA-E832BCDD64F4}.Release|Any CPU.Build.0 = Release|Any CPU
		{EFAAB7C8-CCAA-4E5C-8014-254C74572916}.Debug|Any CPU.ActiveCfg = Debug|Any CPU
		{EFAAB7C8-CCAA-4E5C-8014-254C74572916}.Debug|Any CPU.Build.0 = Debug|Any CPU
		{EFAAB7C8-CCAA-4E5C-8014-254C74572916}.Release|Any CPU.ActiveCfg = Release|Any CPU
		{EFAAB7C8-CCAA-4E5C-8014-254C74572916}.Release|Any CPU.Build.0 = Release|Any CPU
		{5B4C32EA-4A0E-49FB-A2AA-5FF4577E35E3}.Debug|Any CPU.ActiveCfg = Debug|Any CPU
		{5B4C32EA-4A0E-49FB-A2AA-5FF4577E35E3}.Debug|Any CPU.Build.0 = Debug|Any CPU
		{5B4C32EA-4A0E-49FB-A2AA-5FF4577E35E3}.Release|Any CPU.ActiveCfg = Release|Any CPU
		{5B4C32EA-4A0E-49FB-A2AA-5FF4577E35E3}.Release|Any CPU.Build.0 = Release|Any CPU
	EndGlobalSection
	GlobalSection(SolutionProperties) = preSolution
		HideSolutionNode = FALSE
	EndGlobalSection
	GlobalSection(ExtensibilityGlobals) = postSolution
		SolutionGuid = {DE687AA1-3F21-496D-94CC-B1C15591A9B4}
	EndGlobalSection
EndGlobal
